
Microsoft Visual Studio Solution File, Format Version 12.00
# Visual Studio Version 16
VisualStudioVersion = 16.0.31205.134
MinimumVisualStudioVersion = 10.0.40219.1
Project("{FAE04EC0-301F-11D3-BF4B-00C04F79EFBC}") = "RabbitWebApp", "RabbitWebApp.csproj", "{3C92A843-6CC6-414D-9CA7-1F5A8D3798B9}"
EndProject
Global
	GlobalSection(SolutionConfigurationPlatforms) = preSolution
		Debug|Any CPU = Debug|Any CPU
		Release|Any CPU = Release|Any CPU
	EndGlobalSection
	GlobalSection(ProjectConfigurationPlatforms) = postSolution
		{3C92A843-6CC6-414D-9CA7-1F5A8D3798B9}.Debug|Any CPU.ActiveCfg = Debug|Any CPU
		{3C92A843-6CC6-414D-9CA7-1F5A8D3798B9}.Debug|Any CPU.Build.0 = Debug|Any CPU
		{3C92A843-6CC6-414D-9CA7-1F5A8D3798B9}.Release|Any CPU.ActiveCfg = Release|Any CPU
		{3C92A843-6CC6-414D-9CA7-1F5A8D3798B9}.Release|Any CPU.Build.0 = Release|Any CPU
	EndGlobalSection
	GlobalSection(SolutionProperties) = preSolution
		HideSolutionNode = FALSE
	EndGlobalSection
	GlobalSection(ExtensibilityGlobals) = postSolution
		SolutionGuid = {2397ADF7-6104-494B-9C2D-1C309C196FFC}
	EndGlobalSection
EndGlobal
